
Microsoft Visual Studio Solution File, Format Version 12.00
# Visual Studio Version 16
VisualStudioVersion = 16.0.30621.155
MinimumVisualStudioVersion = 10.0.40219.1
Project("{F184B08F-C81C-45F6-A57F-5ABD9991F28F}") = "Multi Timer", "Multi Timer\Multi Timer.vbproj", "{72B3CD45-8ED4-40B0-B1C0-333AEECB80AC}"
EndProject
Global
	GlobalSection(SolutionConfigurationPlatforms) = preSolution
		Debug|Any CPU = Debug|Any CPU
		Release|Any CPU = Release|Any CPU
	EndGlobalSection
	GlobalSection(ProjectConfigurationPlatforms) = postSolution
		{72B3CD45-8ED4-40B0-B1C0-333AEECB80AC}.Debug|Any CPU.ActiveCfg = Debug|Any CPU
		{72B3CD45-8ED4-40B0-B1C0-333AEECB80AC}.Debug|Any CPU.Build.0 = Debug|Any CPU
		{72B3CD45-8ED4-40B0-B1C0-333AEECB80AC}.Release|Any CPU.ActiveCfg = Release|Any CPU
		{72B3CD45-8ED4-40B0-B1C0-333AEECB80AC}.Release|Any CPU.Build.0 = Release|Any CPU
	EndGlobalSection
	GlobalSection(SolutionProperties) = preSolution
		HideSolutionNode = FALSE
	EndGlobalSection
	GlobalSection(ExtensibilityGlobals) = postSolution
		SolutionGuid = {47C2B2E9-6ADA-4B12-AB03-7A44BBC1CF41}
	EndGlobalSection
EndGlobal
